PATH
  remote: ../../../klenod/gems/klenod-build
  specs:
    klenod-build (0.0.7)
      async (~> 2.42)
      async-http (>= 0.95.1, < 0.104.0)
      base64 (~> 0.3)
      brotli (~> 0.8)
      image_size (~> 3.6)
      klenod-runtime (= 0.0.7)
      kramdown (~> 2.5)
      kramdown-parser-gfm (~> 1.1)
      listen (~> 3.10)
      protocol-url (~> 0.4)
      rmagick (~> 7.0)
      samovar (~> 2.5)
      syntax_tree (~> 6.3)
      syntax_tree-haml (~> 4.0)
      toml-rb (~> 4.2)
      tsort (~> 0.2.0)

PATH
  remote: ../../../klenod/gems/klenod-plugin-css
  specs:
    klenod-plugin-css (0.0.7)
      klenod-build (= 0.0.7)
      rb_sys (~> 0.9.124)

PATH
  remote: ../../../klenod/gems/klenod-plugin-javascript
  specs:
    klenod-plugin-javascript (0.0.7)
      klenod-build (= 0.0.7)
      rb_sys (~> 0.9.124)

PATH
  remote: ../../../klenod/gems/klenod-rack
  specs:
    klenod-rack (0.0.7)
      http-accept (~> 2.2)
      klenod-runtime (= 0.0.7)

PATH
  remote: ../../../klenod/gems/klenod-runtime
  specs:
    klenod-runtime (0.0.7)

PATH
  remote: ..
  specs:
    mayu-live (0.0.6)
      async (~> 2.42)
      async-container (~> 0.30.0)
      async-http (>= 0.95.1, < 0.104.0)
      base64 (~> 0.3)
      brotli (~> 0.8)
      dotenv (~> 3.2)
      klenod-build (= 0.0.7)
      klenod-plugin-css (= 0.0.7)
      klenod-plugin-javascript (= 0.0.7)
      klenod-rack (= 0.0.7)
      klenod-runtime (= 0.0.7)
      localhost (~> 1.7)
      mime-types (~> 3.7)
      minitest (~> 6.0)
      msgpack (~> 1.8)
      oga (~> 3.4)
      prometheus-client (~> 4.2.4)
      pry (~> 0.15)
      rack (>= 3.2.4)
      rake (~> 13.3)
      rbnacl (~> 7.1)
      reline (~> 0.6)
      rouge (~> 4.7)
      samovar (~> 2.5)
      syntax_tree-xml (~> 0.1.0)
      terminal-table (~> 4.0)
      toml (~> 0.3)

GEM
  remote: https://rubygems.org/
  specs:
    ansi (1.6.0)
    ast (2.4.3)
    async (2.45.1)
      console (~> 1.29)
      fiber-annotation
      io-event (~> 1.21)
    async-container (0.30.0)
      async (~> 2.22)
    async-http (0.103.0)
      async (>= 2.35.1)
      async-pool (~> 0.12)
      io-endpoint (~> 0.18)
      io-stream (~> 0.14)
      protocol-http (~> 0.66)
      protocol-http1 (~> 0.41)
      protocol-http2 (~> 0.28)
      protocol-url (~> 0.2)
    async-pool (0.12.0)
      async (>= 2.0)
    bake (0.25.0)
      bigdecimal
      samovar (~> 2.1)
    base64 (0.3.0)
    bigdecimal (4.1.2)
    brotli (0.8.0)
    citrus (3.0.2)
    coderay (1.1.3)
    console (1.37.0)
      fiber-annotation
      fiber-local (~> 1.1)
      json
    dotenv (3.2.0)
    drb (2.2.3)
    ffi (1.17.4)
    ffi (1.17.4-aarch64-linux-gnu)
    ffi (1.17.4-aarch64-linux-musl)
    ffi (1.17.4-arm-linux-gnu)
    ffi (1.17.4-arm-linux-musl)
    ffi (1.17.4-arm64-darwin)
    ffi (1.17.4-x86-linux-gnu)
    ffi (1.17.4-x86-linux-musl)
    ffi (1.17.4-x86_64-darwin)
    ffi (1.17.4-x86_64-linux-gnu)
    ffi (1.17.4-x86_64-linux-musl)
    fiber-annotation (0.2.0)
    fiber-local (1.1.0)
      fiber-storage
    fiber-storage (1.0.1)
    fuzzy_match (2.1.0)
    haml (7.5.1)
      prism (>= 1.1.0)
      temple (>= 0.8.2)
      thor
      tilt
    http-accept (2.2.2)
    image_size (3.6.0)
    io-console (0.9.2)
    io-endpoint (0.18.0)
      openssl (>= 3.3.0)
    io-event (1.21.1)
    io-stream (0.14.0)
      openssl (>= 3.3)
    json (2.21.2)
    kramdown (2.5.2)
      rexml (>= 3.4.4)
    kramdown-parser-gfm (1.1.0)
      kramdown (~> 2.0)
    listen (3.10.0)
      logger
      rb-fsevent (~> 0.10, >= 0.10.3)
      rb-inotify (~> 0.9, >= 0.9.10)
    localhost (1.8.0)
      bake
    logger (1.7.0)
    method_source (1.1.0)
    mime-types (3.7.0)
      logger
      mime-types-data (~> 3.2025, >= 3.2025.0507)
    mime-types-data (3.2026.0701)
    minitest (6.0.6)
      drb (~> 2.0)
      prism (~> 1.5)
    msgpack (1.8.4)
    observer (0.1.2)
    oga (3.5)
      ast
      ruby-ll (~> 2.2)
    openssl (4.0.2)
    parslet (2.0.0)
    pkg-config (1.6.5)
    prettier_print (1.2.1)
    prism (1.9.0)
    prometheus-client (4.2.5)
      base64
    protocol-hpack (1.5.1)
    protocol-http (0.71.0)
    protocol-http1 (0.41.0)
      protocol-http (~> 0.68)
    protocol-http2 (0.28.0)
      protocol-hpack (~> 1.4)
      protocol-http (~> 0.62)
    protocol-url (0.18.0)
    pry (0.16.0)
      coderay (~> 1.1)
      method_source (~> 1.0)
      reline (>= 0.6.0)
    racc (1.8.1)
    rack (3.2.7)
    rake (13.4.2)
    rake-compiler-dock (1.12.0)
    rb-fsevent (0.11.2)
    rb-inotify (0.11.1)
      ffi (~> 1.0)
    rb_sys (0.9.130)
      rake-compiler-dock (= 1.12.0)
    rbnacl (7.1.2)
      ffi (~> 1)
    reline (0.7.0)
      io-console (~> 0.5)
    rexml (3.4.4)
    rmagick (7.1.4)
      observer (~> 0.1)
      pkg-config (~> 1.4)
    rouge (4.7.0)
    ruby-ll (2.2.0)
      ansi
      ast
    samovar (2.5.1)
      console (~> 1.0)
    syntax_tree (6.3.0)
      prettier_print (>= 1.2.0)
    syntax_tree-haml (4.0.3)
      haml (>= 5.2)
      prettier_print (>= 1.2.1)
      syntax_tree (>= 6.0.0)
    syntax_tree-xml (0.1.0)
      prettier_print
      syntax_tree (>= 2.0.1)
    temple (0.10.7)
    terminal-table (4.0.0)
      unicode-display_width (>= 1.1.1, < 4)
    thor (1.5.0)
    tilt (2.9.0)
    toml (0.3.0)
      parslet (>= 1.8.0, < 3.0.0)
    toml-rb (4.2.1)
      citrus (~> 3.0, > 3.0)
      racc (~> 1.7)
    tsort (0.2.0)
    unicode-display_width (3.2.0)
      unicode-emoji (~> 4.1)
    unicode-emoji (4.2.0)

PLATFORMS
  aarch64-linux
  aarch64-linux-gnu
  aarch64-linux-musl
  arm-linux-gnu
  arm-linux-musl
  arm64-darwin
  ruby
  x86-linux-gnu
  x86-linux-musl
  x86_64-darwin
  x86_64-linux
  x86_64-linux-gnu
  x86_64-linux-musl

DEPENDENCIES
  fuzzy_match
  klenod-build!
  klenod-plugin-css!
  klenod-plugin-javascript!
  klenod-rack!
  klenod-runtime!
  kramdown (~> 2.4)
  mayu-live!

CHECKSUMS
  ansi (1.6.0) sha256=ac9ea0c0ea8d32fb4e271348e609963ac78882f34b73836c2a02b3622e666658
  ast (2.4.3) sha256=954615157c1d6a382bc27d690d973195e79db7f55e9765ac7c481c60bdb4d383
  async (2.45.1) sha256=95849f7432eca535146c69f3078dab3c7228d0075ed71f48733f3e585dd7c267
  async-container (0.30.0) sha256=36bf679b38f8704f949d18812cd650b95be84b8c87bb65e83c6e89decf478cf6
  async-http (0.103.0) sha256=137e3d5d419f7d72d5fa33cf04f30232e79c57b690025a650b8f9e48ece8bc41
  async-pool (0.12.0) sha256=5580493dc024bd704dab2ed0bf1307100722e49cbb825c7965f8501194f58506
  bake (0.25.0) sha256=a47bdc6a26addc048827debc36fe27bb4d5d71ac2958ad910b5386e9baf49869
  base64 (0.3.0) sha256=27337aeabad6ffae05c265c450490628ef3ebd4b67be58257393227588f5a97b
  bigdecimal (4.1.2) sha256=53d217666027eab4280346fba98e7d5b66baaae1b9c3c1c0ffe89d48188a3fbd
  brotli (0.8.0) sha256=0c5a42046b3b603fb109656881147fd76064c034b7d19c1b4fcc32a093a4d55d
  citrus (3.0.2) sha256=4ec2412fc389ad186735f4baee1460f7900a8e130ffe3f216b30d4f9c684f650
  coderay (1.1.3) sha256=dc530018a4684512f8f38143cd2a096c9f02a1fc2459edcfe534787a7fc77d4b
  console (1.37.0) sha256=8093b286c2595a063849c098594fee5155ecc7967d36f3aa8cbe7569c8f3efd7
  dotenv (3.2.0) sha256=e375b83121ea7ca4ce20f214740076129ab8514cd81378161f11c03853fe619d
  drb (2.2.3) sha256=0b00d6fdb50995fe4a45dea13663493c841112e4068656854646f418fda13373
  ffi (1.17.4) sha256=bcd1642e06f0d16fc9e09ac6d49c3a7298b9789bcb58127302f934e437d60acf
  ffi (1.17.4-aarch64-linux-gnu) sha256=b208f06f91ffd8f5e1193da3cae3d2ccfc27fc36fba577baf698d26d91c080df
  ffi (1.17.4-aarch64-linux-musl) sha256=9286b7a615f2676245283aef0a0a3b475ae3aae2bb5448baace630bb77b91f39
  ffi (1.17.4-arm-linux-gnu) sha256=d6dbddf7cb77bf955411af5f187a65b8cd378cb003c15c05697f5feee1cb1564
  ffi (1.17.4-arm-linux-musl) sha256=9d4838ded0465bef6e2426935f6bcc93134b6616785a84ffd2a3d82bc3cf6f95
  ffi (1.17.4-arm64-darwin) sha256=19071aaf1419251b0a46852abf960e77330a3b334d13a4ab51d58b31a937001b
  ffi (1.17.4-x86-linux-gnu) sha256=38e150df5f4ca555e25beca4090823ae09657bceded154e3c52f8631c1ed72cf
  ffi (1.17.4-x86-linux-musl) sha256=fbeec0fc7c795bcf86f623bb18d31ea1820f7bd580e1703a3d3740d527437809
  ffi (1.17.4-x86_64-darwin) sha256=aa70390523cf3235096cf64962b709b4cfbd5c082a2cb2ae714eb0fe2ccda496
  ffi (1.17.4-x86_64-linux-gnu) sha256=9d3db14c2eae074b382fa9c083fe95aec6e0a1451da249eab096c34002bc752d
  ffi (1.17.4-x86_64-linux-musl) sha256=3fdf9888483de005f8ef8d1cf2d3b20d86626af206cbf780f6a6a12439a9c49e
  fiber-annotation (0.2.0) sha256=7abfadf1d119f508867d4103bf231c0354d019cc39a5738945dec2edadaf6c03
  fiber-local (1.1.0) sha256=c885f94f210fb9b05737de65d511136ea602e00c5105953748aa0f8793489f06
  fiber-storage (1.0.1) sha256=f48e5b6d8b0be96dac486332b55cee82240057065dc761c1ea692b2e719240e1
  fuzzy_match (2.1.0) sha256=e97e25d0eaee48a5f77ed970d007c7b6ff3c6a6858303fead2d1986859204dfc
  haml (7.5.1) sha256=91c5843dd85d32042cc6218d2df8c81282403459958aa53caa58fda238adc287
  http-accept (2.2.2) sha256=c439ead5671a2a648f754460d4fedb8af61086dc09f8d4465e2f78144bc6adf0
  image_size (3.6.0) sha256=1b9c4196cb658bf503a887920543a3991e927a4b767a5c770fb9665bce0dcb28
  io-console (0.9.2) sha256=efa74f891dd03c0939a931dfc6e74c2813d904763d456ea9762b0525e748db08
  io-endpoint (0.18.0) sha256=720d186bcd584e8ba490bfc91dab332cc3c5ffee848b5b03894555cb275151aa
  io-event (1.21.1) sha256=b3088f89ad67edf9be9fc2f48a5fae0790e92862487551eeb337b49098eb99e6
  io-stream (0.14.0) sha256=07d9b13ea2066ccbbc761fff8d69ad5a31e47561d31e02cc271f3ed9c1a8f1cd
  json (2.21.2) sha256=1f1d3b7cf2b3ba1a69beca0bb6db13d5438b80bff3cd54cdaaa620b9b07c1c6a
  klenod-build (0.0.7)
  klenod-plugin-css (0.0.7)
  klenod-plugin-javascript (0.0.7)
  klenod-rack (0.0.7)
  klenod-runtime (0.0.7)
  kramdown (2.5.2) sha256=1ba542204c66b6f9111ff00dcc26075b95b220b07f2905d8261740c82f7f02fa
  kramdown-parser-gfm (1.1.0) sha256=fb39745516427d2988543bf01fc4cf0ab1149476382393e0e9c48592f6581729
  listen (3.10.0) sha256=c6e182db62143aeccc2e1960033bebe7445309c7272061979bb098d03760c9d2
  localhost (1.8.0) sha256=df7ea825b4f64949c588c17efac86bc47ddc4460d723778abe933b71759b2701
  logger (1.7.0) sha256=196edec7cc44b66cfb40f9755ce11b392f21f7967696af15d274dde7edff0203
  mayu-live (0.0.6)
  method_source (1.1.0) sha256=181301c9c45b731b4769bc81e8860e72f9161ad7d66dd99103c9ab84f560f5c5
  mime-types (3.7.0) sha256=dcebf61c246f08e15a4de34e386ebe8233791e868564a470c3fe77c00eed5e56
  mime-types-data (3.2026.0701) sha256=cd8811e1fb89d836499ba0582368a10ee74cef929ba956d1d5ddca045e6a730f
  minitest (6.0.6) sha256=153ea36d1d987a62942382b61075745042a2b3123b1cd48f4c3675af9cc7d6f1
  msgpack (1.8.4) sha256=4411c22d350dd1c20250f7eada3cca2695438c2f769cf0782f0cd065d90a3e7b
  observer (0.1.2) sha256=d8a3107131ba661138d748e7be3dbafc0d82e732fffba9fccb3d7829880950ac
  oga (3.5) sha256=2b65fe1dd192c01079f93748a04a7a8011369e4c99ea1c7e73f4a037e3229353
  openssl (4.0.2) sha256=1037ad2868ae58df9ad917891c0c0f9815a1172f6846d4bcdd508e4c2ee747c2
  parslet (2.0.0) sha256=d45130695d39b43d7e6a91f4d2ec66b388a8d822bae38de9b4de9a5fbde1f606
  pkg-config (1.6.5) sha256=33f9f81c5322983d22b439b8b672f27777b406fea23bfec74ff14bbeb42ec733
  prettier_print (1.2.1) sha256=a72838b5f23facff21f90a5423cdcdda19e4271092b41f4ea7f50b83929e6ff9
  prism (1.9.0) sha256=7b530c6a9f92c24300014919c9dcbc055bf4cdf51ec30aed099b06cd6674ef85
  prometheus-client (4.2.5) sha256=807bebc3e92ccd9f4d814d90be15e85338f3708d227badf80924ef3f6e7d5225
  protocol-hpack (1.5.1) sha256=6feca238b8078da1cd295677d6f306c6001af92d75fe0643d33e6956cbc3ad91
  protocol-http (0.71.0) sha256=38577bf3df0bf0c3f7ee7e21b43fcb4bd7624e36f697dbe9c3eea344f14bd9ba
  protocol-http1 (0.41.0) sha256=9863874a1228948a896c3e7ea16d13a680c8f3ed50706007c78b7033018b0ea3
  protocol-http2 (0.28.0) sha256=b7c6195dcfa80ec2484670e9fd8fc21024cc654a391aa0792433aff1188c1691
  protocol-url (0.18.0) sha256=b16f55983094b46d18e04b709333b260e4ab5962a32696728e33a6c396150ed6
  pry (0.16.0) sha256=d76c69065698ed1f85e717bd33d7942c38a50868f6b0673c636192b3d1b6054e
  racc (1.8.1) sha256=4a7f6929691dbec8b5209a0b373bc2614882b55fc5d2e447a21aaa691303d62f
  rack (3.2.7) sha256=93e13e1c24f93556671d85d2d79fa228c3485815c50d7e2f265b5330c6528fb7
  rake (13.4.2) sha256=cb825b2bd5f1f8e91ca37bddb4b9aaf345551b4731da62949be002fa89283701
  rake-compiler-dock (1.12.0) sha256=f13205c2738f3d2053afcd03491a9e4541b22a59a0bfc53fc8bc883bd8188023
  rb-fsevent (0.11.2) sha256=43900b972e7301d6570f64b850a5aa67833ee7d87b458ee92805d56b7318aefe
  rb-inotify (0.11.1) sha256=a0a700441239b0ff18eb65e3866236cd78613d6b9f78fea1f9ac47a85e47be6e
  rb_sys (0.9.130) sha256=7d486d99c1da02635515deaf9860fc5aea90bb4ab2589b2deec7fdc7d3548615
  rbnacl (7.1.2) sha256=c58433e93b390a7b8c03a9da9e54f2de67e6cc3d6731553265299c6aac889a60
  reline (0.7.0) sha256=5b012d8e55dbf9d450f12bde2cf7d15ff546ae80b3f8f3b30e570d431815583d
  rexml (3.4.4) sha256=19e0a2c3425dfbf2d4fc1189747bdb2f849b6c5e74180401b15734bc97b5d142
  rmagick (7.1.4) sha256=581e109ed816dd423b9e9ca0706046b55ea44e4fbe0122f39ee2db9249345c08
  rouge (4.7.0) sha256=dba5896715c0325c362e895460a6d350803dbf6427454f49a47500f3193ea739
  ruby-ll (2.2.0) sha256=f8811ae1dfc77d6d95033a615aacb6ab8e93fb9f421fefe75107b077dc9ab588
  samovar (2.5.1) sha256=8a9fc41eb8868084f0321eb41678c485cfbc7d282fb306c0be67c3284b1d2394
  syntax_tree (6.3.0) sha256=56e25a9692c798ec94c5442fe94c5e94af76bef91edc8bb02052cbdecf35f13d
  syntax_tree-haml (4.0.3) sha256=dcf676677dc28b0f4b908dd414c0e75721fbd6261a2d0f07b378246059196359
  syntax_tree-xml (0.1.0) sha256=b0697c8320d5dd9b7c3d9561b7f838db7c9aec2ece34702c8427fefbc62c7e66
  temple (0.10.7) sha256=369fe560adb6534674ce232899c2232df614bcb29c5359b05efedff7a57ed9c0
  terminal-table (4.0.0) sha256=f504793203f8251b2ea7c7068333053f0beeea26093ec9962e62ea79f94301d2
  thor (1.5.0) sha256=e3a9e55fe857e44859ce104a84675ab6e8cd59c650a49106a05f55f136425e73
  tilt (2.9.0) sha256=da5735d0280bba96e9a91041bb14aee435ccad5c17b0fa519249ae543d9aa3a5
  toml (0.3.0) sha256=0a91d0f76a9036e84e44f95693b12f58d358c1df3ac8e3b5271f2056ecc6e4b9
  toml-rb (4.2.1) sha256=e6c40e27905e86a7d38cc252eb4bc12d72c61576c826a358390c30f5de0b9dbb
  tsort (0.2.0) sha256=9650a793f6859a43b6641671278f79cfead60ac714148aabe4e3f0060480089f
  unicode-display_width (3.2.0) sha256=0cdd96b5681a5949cdbc2c55e7b420facae74c4aaf9a9815eee1087cb1853c42
  unicode-emoji (4.2.0) sha256=519e69150f75652e40bf736106cfbc8f0f73aa3fb6a65afe62fefa7f80b0f80f

BUNDLED WITH
  4.0.16
