PATH
  remote: ../gems
  specs:
    mayu-build (0.1.0.pre0)
      klenod-build (= 0.0.31)
      klenod-lsp (= 0.0.31)
      klenod-plugin-css (= 0.0.31)
      klenod-plugin-javascript (= 0.0.31)
      klenod-test (= 0.0.31)
      localhost (~> 1.7)
      mayu-live (= 0.1.0.pre0)
      minitest (~> 6.0)
      nokolexbor (~> 0.8)
      reline (~> 0.6)
      rouge (~> 4.7)
      samovar (~> 2.5)
      terminal-table (~> 4.0)
    mayu-devtools (0.1.0.pre0)
      mayu-live (= 0.1.0.pre0)
    mayu-live (0.1.0.pre0)
      async (~> 2.42)
      async-container (~> 0.30.0)
      async-http (>= 0.95.1, < 0.104.0)
      async-signals (~> 0.6.0)
      base64 (~> 0.3)
      brotli (~> 0.8)
      dotenv (~> 3.2)
      klenod-rack (= 0.0.31)
      klenod-runtime (= 0.0.31)
      mime-types (~> 3.7)
      msgpack (~> 1.8)
      prometheus-client (~> 4.2.4)
      rack (>= 3.2.4)
      rbnacl (~> 7.1)
      toml (~> 0.3)

GEM
  remote: https://rubygems.org/
  specs:
    async (2.46.0)
      console (~> 1.29)
      fiber-annotation
      io-event (~> 1.21)
    async-container (0.30.0)
      async (~> 2.22)
    async-http (0.103.0)
      async (>= 2.35.1)
      async-pool (~> 0.12)
      io-endpoint (~> 0.18)
      io-stream (~> 0.14)
      protocol-http (~> 0.66)
      protocol-http1 (~> 0.41)
      protocol-http2 (~> 0.28)
      protocol-url (~> 0.2)
    async-pool (0.12.0)
      async (>= 2.0)
    async-process (1.4.0)
      async (~> 2.0)
    async-signals (0.6.0)
    bake (0.25.0)
      bigdecimal
      samovar (~> 2.1)
    base64 (0.3.0)
    bigdecimal (4.1.3)
    brotli (0.8.0)
    console (1.38.0)
      fiber-annotation
      fiber-local (~> 1.1)
      json
    covered (0.30.0)
      console (~> 1.0)
      msgpack (~> 1.0)
      ruby-coverage (~> 0.1)
    dotenv (3.2.0)
    drb (2.2.3)
    ffi (1.17.4)
    ffi (1.17.4-aarch64-linux-gnu)
    ffi (1.17.4-arm64-darwin)
    ffi (1.17.4-x86_64-darwin)
    ffi (1.17.4-x86_64-linux-gnu)
    fiber-annotation (0.2.0)
    fiber-local (1.1.0)
      fiber-storage
    fiber-storage (1.0.1)
    fuzzy_match (2.1.0)
    haml (7.5.1)
      prism (>= 1.1.0)
      temple (>= 0.8.2)
      thor
      tilt
    http-accept (2.2.2)
    image_size (3.6.0)
    io-console (0.9.4)
    io-endpoint (0.19.0)
      openssl (>= 3.3.0)
    io-event (1.22.1)
    io-stream (0.14.0)
      openssl (>= 3.3)
    json (3.0.2)
    klenod-build (0.0.31)
      async (~> 2.42)
      async-http (>= 0.95.1, < 0.106.0)
      base64 (~> 0.3)
      brotli (~> 0.8)
      haml (~> 7.2)
      image_size (~> 3.6)
      klenod-runtime (= 0.0.31)
      kramdown (~> 2.5)
      kramdown-parser-gfm (~> 1.1)
      listen (~> 3.10)
      prism (~> 1.9)
      protocol-url (~> 0.4)
      rmagick (~> 7.0)
      samovar (~> 2.5)
      toml-rb (~> 6.0)
      tsort (~> 0.2.0)
    klenod-lsp (0.0.31)
      klenod-build (= 0.0.31)
      language_server-protocol (~> 3.17)
    klenod-plugin-css (0.0.31-aarch64-linux-gnu)
      klenod-build (= 0.0.31)
    klenod-plugin-css (0.0.31-arm64-darwin)
      klenod-build (= 0.0.31)
    klenod-plugin-css (0.0.31-x86_64-darwin)
      klenod-build (= 0.0.31)
    klenod-plugin-css (0.0.31-x86_64-linux-gnu)
      klenod-build (= 0.0.31)
    klenod-plugin-javascript (0.0.31-aarch64-linux-gnu)
      klenod-build (= 0.0.31)
    klenod-plugin-javascript (0.0.31-arm64-darwin)
      klenod-build (= 0.0.31)
    klenod-plugin-javascript (0.0.31-x86_64-darwin)
      klenod-build (= 0.0.31)
    klenod-plugin-javascript (0.0.31-x86_64-linux-gnu)
      klenod-build (= 0.0.31)
    klenod-rack (0.0.31)
      http-accept (~> 2.2)
      klenod-runtime (= 0.0.31)
    klenod-runtime (0.0.31)
    klenod-test (0.0.31)
      async-process (~> 1.4)
      covered (~> 0.30)
      klenod-build (= 0.0.31)
    kramdown (2.5.2)
      rexml (>= 3.4.4)
    kramdown-parser-gfm (1.1.0)
      kramdown (~> 2.0)
    language_server-protocol (3.17.0.6)
    listen (3.10.1)
      logger
      rb-fsevent (~> 0.10, >= 0.10.3)
      rb-inotify (~> 0.9, >= 0.9.10)
    localhost (1.8.0)
      bake
    logger (1.7.0)
    mime-types (3.7.0)
      logger
      mime-types-data (~> 3.2025, >= 3.2025.0507)
    mime-types-data (3.2026.0929)
    minitest (6.0.6)
      drb (~> 2.0)
      prism (~> 1.5)
    msgpack (1.8.5)
    nokolexbor (0.8.0-aarch64-linux)
    nokolexbor (0.8.0-arm64-darwin)
    nokolexbor (0.8.0-x86_64-darwin)
    nokolexbor (0.8.0-x86_64-linux)
    observer (0.1.2)
    openssl (4.0.2)
    parslet (2.0.0)
    pkg-config (1.6.5)
    prism (1.9.0)
    prometheus-client (4.2.5)
      base64
    protocol-hpack (1.5.1)
    protocol-http (0.72.0)
    protocol-http1 (0.41.0)
      protocol-http (~> 0.68)
    protocol-http2 (0.29.1)
      protocol-hpack (~> 1.4)
      protocol-http (~> 0.62)
    protocol-url (0.19.0)
    rack (3.2.7)
    rb-fsevent (0.11.2)
    rb-inotify (0.11.1)
      ffi (~> 1.0)
    rbnacl (7.1.2)
      ffi (~> 1)
    reline (0.7.0)
      io-console (~> 0.5)
    rexml (3.4.4)
    rmagick (7.1.6)
      observer (~> 0.1)
      pkg-config (~> 1.4)
    rouge (4.7.0)
    ruby-coverage (0.1.3)
    samovar (2.5.1)
      console (~> 1.0)
    temple (0.10.7)
    terminal-table (4.0.0)
      unicode-display_width (>= 1.1.1, < 4)
    thor (1.5.0)
    tilt (2.9.0)
    toml (0.3.0)
      parslet (>= 1.8.0, < 3.0.0)
    toml-rb (6.0.0)
    tsort (0.2.0)
    unicode-display_width (3.3.0)
      unicode-emoji (~> 4.3)
    unicode-emoji (4.3.0)

PLATFORMS
  aarch64-linux
  aarch64-linux-gnu
  arm64-darwin
  x86_64-darwin
  x86_64-linux
  x86_64-linux-gnu

DEPENDENCIES
  fuzzy_match
  kramdown-parser-gfm (~> 1.1)
  mayu-build!
  mayu-devtools!
  mayu-live!
  rouge (~> 4.7)

CHECKSUMS
  async (2.46.0) sha256=34f984733dbf63a997376346451ec995e858cacc3105e86ccfeaf8877b4f490b
  async-container (0.30.0) sha256=36bf679b38f8704f949d18812cd650b95be84b8c87bb65e83c6e89decf478cf6
  async-http (0.103.0) sha256=137e3d5d419f7d72d5fa33cf04f30232e79c57b690025a650b8f9e48ece8bc41
  async-pool (0.12.0) sha256=5580493dc024bd704dab2ed0bf1307100722e49cbb825c7965f8501194f58506
  async-process (1.4.0) sha256=859c2901b9047b6b8843e9a21ec7f3c626eb04efdcff66185a05ede99257f590
  async-signals (0.6.0) sha256=a69495a3b98d704d14f20b81b7d9485cdbd2ba337bc5f3067fa6d2c99fd39421
  bake (0.25.0) sha256=a47bdc6a26addc048827debc36fe27bb4d5d71ac2958ad910b5386e9baf49869
  base64 (0.3.0) sha256=27337aeabad6ffae05c265c450490628ef3ebd4b67be58257393227588f5a97b
  bigdecimal (4.1.3) sha256=61ebe1e5e559bdc3cc6f2c0ee7f427321fc838f59611c294356eb04d6e21cf66
  brotli (0.8.0) sha256=0c5a42046b3b603fb109656881147fd76064c034b7d19c1b4fcc32a093a4d55d
  console (1.38.0) sha256=35b82f59130e95e9be6b832d9e539c8b3988fc192e4a8e9a86ab4922f44ad5de
  covered (0.30.0) sha256=93b1bf881812dd4f52e1c3330bf7fe0dcb6bc9bb72a200cbe5d282e902e947c5
  dotenv (3.2.0) sha256=e375b83121ea7ca4ce20f214740076129ab8514cd81378161f11c03853fe619d
  drb (2.2.3) sha256=0b00d6fdb50995fe4a45dea13663493c841112e4068656854646f418fda13373
  ffi (1.17.4) sha256=bcd1642e06f0d16fc9e09ac6d49c3a7298b9789bcb58127302f934e437d60acf
  ffi (1.17.4-aarch64-linux-gnu) sha256=b208f06f91ffd8f5e1193da3cae3d2ccfc27fc36fba577baf698d26d91c080df
  ffi (1.17.4-arm64-darwin) sha256=19071aaf1419251b0a46852abf960e77330a3b334d13a4ab51d58b31a937001b
  ffi (1.17.4-x86_64-darwin) sha256=aa70390523cf3235096cf64962b709b4cfbd5c082a2cb2ae714eb0fe2ccda496
  ffi (1.17.4-x86_64-linux-gnu) sha256=9d3db14c2eae074b382fa9c083fe95aec6e0a1451da249eab096c34002bc752d
  fiber-annotation (0.2.0) sha256=7abfadf1d119f508867d4103bf231c0354d019cc39a5738945dec2edadaf6c03
  fiber-local (1.1.0) sha256=c885f94f210fb9b05737de65d511136ea602e00c5105953748aa0f8793489f06
  fiber-storage (1.0.1) sha256=f48e5b6d8b0be96dac486332b55cee82240057065dc761c1ea692b2e719240e1
  fuzzy_match (2.1.0) sha256=e97e25d0eaee48a5f77ed970d007c7b6ff3c6a6858303fead2d1986859204dfc
  haml (7.5.1) sha256=91c5843dd85d32042cc6218d2df8c81282403459958aa53caa58fda238adc287
  http-accept (2.2.2) sha256=c439ead5671a2a648f754460d4fedb8af61086dc09f8d4465e2f78144bc6adf0
  image_size (3.6.0) sha256=1b9c4196cb658bf503a887920543a3991e927a4b767a5c770fb9665bce0dcb28
  io-console (0.9.4) sha256=a403304f32928ee85e56d457b4612ca43f2703b561a3258844992bd24085fbb1
  io-endpoint (0.19.0) sha256=547aaefe9a78bc57fe25f9f7661b460395ebdfda506f70fdf4cc71d2ae5ca578
  io-event (1.22.1) sha256=0dd054cefe4a29f1b8286604f332c14f3208d75f54902961e91e94d45e5e1600
  io-stream (0.14.0) sha256=07d9b13ea2066ccbbc761fff8d69ad5a31e47561d31e02cc271f3ed9c1a8f1cd
  json (3.0.2) sha256=8e6d7e7b11384c21230430cef90b71f14849a34a1f4452796670f7c981bd19df
  klenod-build (0.0.31) sha256=4e953f7c76a8566deb4bd73c874ed9af70e3d6ff664b390bcf3aa3191641da72
  klenod-lsp (0.0.31) sha256=31385378a3f71afea8ac2d679243e703acb78c0d80aee0bf391406fa6a2d1c2e
  klenod-plugin-css (0.0.31-aarch64-linux-gnu) sha256=73f6839d3d73766b97e97b50111ef5cc556057a2a86f77b62bb10c2c40207f3f
  klenod-plugin-css (0.0.31-arm64-darwin) sha256=76c4fcdb1f2d784ad60206e5a7a04e2e56d4ed3ebd4d808544ecb43ffd42b30a
  klenod-plugin-css (0.0.31-x86_64-darwin) sha256=09f89f23a5c926928c25bccbec70000fe200afdc202819730bb4ff43b68f5956
  klenod-plugin-css (0.0.31-x86_64-linux-gnu) sha256=6069483ea7dc922f5a0e2cb59011c2ae50f0c9bceb1e5ea2c277138fb76417a7
  klenod-plugin-javascript (0.0.31-aarch64-linux-gnu) sha256=3a67cbc076b7ce918c7412c02cd9e8b527d2600ea476057825917852a6bfa9a6
  klenod-plugin-javascript (0.0.31-arm64-darwin) sha256=f946965efaabfa9024367ed94ed79663a90a695784863def8b083179cf498312
  klenod-plugin-javascript (0.0.31-x86_64-darwin) sha256=0bee53d4b9e1656356d8ec3391052f63c36a2230293dffb7874e2a0b4d50b61d
  klenod-plugin-javascript (0.0.31-x86_64-linux-gnu) sha256=7b66891c49397791882cb882f1ec620396769b6050723d57152211f022c2ead9
  klenod-rack (0.0.31) sha256=b85fb499e69b928636d2887c8304a34ecb8090a8300b9678e13e22ffff91fdca
  klenod-runtime (0.0.31) sha256=7f38ca5ca15d79bdb2eaa508bd708eee8698cfe669f26ca5e6bd5a66fa46b7b2
  klenod-test (0.0.31) sha256=1dcac9fdb26c0823445ee9c76b02430489dba08bffe90cf1a5fb2c85815ff39b
  kramdown (2.5.2) sha256=1ba542204c66b6f9111ff00dcc26075b95b220b07f2905d8261740c82f7f02fa
  kramdown-parser-gfm (1.1.0) sha256=fb39745516427d2988543bf01fc4cf0ab1149476382393e0e9c48592f6581729
  language_server-protocol (3.17.0.6) sha256=5ef2c0c138f8267e1bc631d3328347d354f96724b0af22f2c79516120443b7f0
  listen (3.10.1) sha256=4c3f32855657f348747da4dd2372ff3790d90a6b1d3e4f21a3706adb2d04783c
  localhost (1.8.0) sha256=df7ea825b4f64949c588c17efac86bc47ddc4460d723778abe933b71759b2701
  logger (1.7.0) sha256=196edec7cc44b66cfb40f9755ce11b392f21f7967696af15d274dde7edff0203
  mayu-build (0.1.0.pre0)
  mayu-devtools (0.1.0.pre0)
  mayu-live (0.1.0.pre0)
  mime-types (3.7.0) sha256=dcebf61c246f08e15a4de34e386ebe8233791e868564a470c3fe77c00eed5e56
  mime-types-data (3.2026.0929) sha256=3632d6a08f6ff832ef1181365b24cfe365b82a97c47ff76d5ae363d6d695aedc
  minitest (6.0.6) sha256=153ea36d1d987a62942382b61075745042a2b3123b1cd48f4c3675af9cc7d6f1
  msgpack (1.8.5) sha256=97419eaa7b35dfe3e462c0e6c1a3dfdcbfc8756605c09e46e4c6daef127517ba
  nokolexbor (0.8.0-aarch64-linux) sha256=6c514beeed469f0cf6aec92829f98ae7a17aacb977917ee12f76de1c19fd66fc
  nokolexbor (0.8.0-arm64-darwin) sha256=bf450ff93f8564325f70988c23bca7ddd2d68b1e34543ed2c7806b994a6ab6d5
  nokolexbor (0.8.0-x86_64-darwin) sha256=38b04e7bf077b41dfd7cc210deaed39a154ce408f7f4c2b41d2190720db3c135
  nokolexbor (0.8.0-x86_64-linux) sha256=ee6ab8b313a5748101dd6f726d1d3b240243b99beefe2d2b1e122b5fdf61c04c
  observer (0.1.2) sha256=d8a3107131ba661138d748e7be3dbafc0d82e732fffba9fccb3d7829880950ac
  openssl (4.0.2) sha256=1037ad2868ae58df9ad917891c0c0f9815a1172f6846d4bcdd508e4c2ee747c2
  parslet (2.0.0) sha256=d45130695d39b43d7e6a91f4d2ec66b388a8d822bae38de9b4de9a5fbde1f606
  pkg-config (1.6.5) sha256=33f9f81c5322983d22b439b8b672f27777b406fea23bfec74ff14bbeb42ec733
  prism (1.9.0) sha256=7b530c6a9f92c24300014919c9dcbc055bf4cdf51ec30aed099b06cd6674ef85
  prometheus-client (4.2.5) sha256=807bebc3e92ccd9f4d814d90be15e85338f3708d227badf80924ef3f6e7d5225
  protocol-hpack (1.5.1) sha256=6feca238b8078da1cd295677d6f306c6001af92d75fe0643d33e6956cbc3ad91
  protocol-http (0.72.0) sha256=b153474785979495b9f2df78f0fdc2e02edc7e92c1f7ea00425eed73bd02194c
  protocol-http1 (0.41.0) sha256=9863874a1228948a896c3e7ea16d13a680c8f3ed50706007c78b7033018b0ea3
  protocol-http2 (0.29.1) sha256=3f4ee667b5730b7d05c70d3771bd5d5cdbb31beedaa9d05f2bdac68c9c984d19
  protocol-url (0.19.0) sha256=3f6b9f6aa742a259a0b3610fbbd9685dcd9506adf6734f428ff96259faabfb21
  rack (3.2.7) sha256=93e13e1c24f93556671d85d2d79fa228c3485815c50d7e2f265b5330c6528fb7
  rb-fsevent (0.11.2) sha256=43900b972e7301d6570f64b850a5aa67833ee7d87b458ee92805d56b7318aefe
  rb-inotify (0.11.1) sha256=a0a700441239b0ff18eb65e3866236cd78613d6b9f78fea1f9ac47a85e47be6e
  rbnacl (7.1.2) sha256=c58433e93b390a7b8c03a9da9e54f2de67e6cc3d6731553265299c6aac889a60
  reline (0.7.0) sha256=5b012d8e55dbf9d450f12bde2cf7d15ff546ae80b3f8f3b30e570d431815583d
  rexml (3.4.4) sha256=19e0a2c3425dfbf2d4fc1189747bdb2f849b6c5e74180401b15734bc97b5d142
  rmagick (7.1.6) sha256=13ad7e9580ed309230925f325ffc85b01f76247007d9dd04f91dfb53feab94a1
  rouge (4.7.0) sha256=dba5896715c0325c362e895460a6d350803dbf6427454f49a47500f3193ea739
  ruby-coverage (0.1.3) sha256=5ac56578c600544e672ebd2b631e4bd43309f9c42a1d0db3ab912ed34f81cf20
  samovar (2.5.1) sha256=8a9fc41eb8868084f0321eb41678c485cfbc7d282fb306c0be67c3284b1d2394
  temple (0.10.7) sha256=369fe560adb6534674ce232899c2232df614bcb29c5359b05efedff7a57ed9c0
  terminal-table (4.0.0) sha256=f504793203f8251b2ea7c7068333053f0beeea26093ec9962e62ea79f94301d2
  thor (1.5.0) sha256=e3a9e55fe857e44859ce104a84675ab6e8cd59c650a49106a05f55f136425e73
  tilt (2.9.0) sha256=da5735d0280bba96e9a91041bb14aee435ccad5c17b0fa519249ae543d9aa3a5
  toml (0.3.0) sha256=0a91d0f76a9036e84e44f95693b12f58d358c1df3ac8e3b5271f2056ecc6e4b9
  toml-rb (6.0.0) sha256=35db853da1befde1cf49b0d0c61e50368ddb3ae1cde64d8f85267e500304127b
  tsort (0.2.0) sha256=9650a793f6859a43b6641671278f79cfead60ac714148aabe4e3f0060480089f
  unicode-display_width (3.3.0) sha256=4b7aa66a4b11db50f6f7e98411215cd0dd10eaecb665d36eec5bcacb3fa0b613
  unicode-emoji (4.3.0) sha256=11c02fa73290378c066bb0562cd4c87d8e1b706fbbe0059ca12746a4244de8ce

BUNDLED WITH
  4.0.20
