{
  "name": "@mayu-live/main",
  "version": "0.0.0",
  "lockfileVersion": 2,
  "requires": true,
  "packages": {
    "": {
      "name": "@mayu-live/main",
      "version": "0.0.0",
      "license": "MIT",
      "workspaces": [
        "lib/mayu/client"
      ],
      "devDependencies": {
        "@prettier/plugin-ruby": "^3.1.2",
        "prettier": "^2.7.1"
      }
    },
    "lib/mayu/client": {
      "name": "@mayu-live/client",
      "version": "0.0.0",
      "license": "ISC",
      "devDependencies": {
        "@types/serviceworker": "^0.0.48",
        "esbuild": "^0.14.48",
        "prettier": "^2.7.1",
        "typescript": "^4.7.4"
      }
    },
    "lib/mayu/client/node_modules/@types/serviceworker": {
      "version": "0.0.48",
      "dev": true,
      "license": "MIT"
    },
    "lib/mayu/client/node_modules/esbuild": {
      "version": "0.14.48",
      "dev": true,
      "hasInstallScript": true,
      "license": "MIT",
      "bin": {
        "esbuild": "bin/esbuild"
      },
      "engines": {
        "node": ">=12"
      },
      "optionalDependencies": {
        "esbuild-android-64": "0.14.48",
        "esbuild-android-arm64": "0.14.48",
        "esbuild-darwin-64": "0.14.48",
        "esbuild-darwin-arm64": "0.14.48",
        "esbuild-freebsd-64": "0.14.48",
        "esbuild-freebsd-arm64": "0.14.48",
        "esbuild-linux-32": "0.14.48",
        "esbuild-linux-64": "0.14.48",
        "esbuild-linux-arm": "0.14.48",
        "esbuild-linux-arm64": "0.14.48",
        "esbuild-linux-mips64le": "0.14.48",
        "esbuild-linux-ppc64le": "0.14.48",
        "esbuild-linux-riscv64": "0.14.48",
        "esbuild-linux-s390x": "0.14.48",
        "esbuild-netbsd-64": "0.14.48",
        "esbuild-openbsd-64": "0.14.48",
        "esbuild-sunos-64": "0.14.48",
        "esbuild-windows-32": "0.14.48",
        "esbuild-windows-64": "0.14.48",
        "esbuild-windows-arm64": "0.14.48"
      }
    },
    "lib/mayu/client/node_modules/esbuild-darwin-64": {
      "version": "0.14.48",
      "cpu": [
        "x64"
      ],
      "dev": true,
      "license": "MIT",
      "optional": true,
      "os": [
        "darwin"
      ],
      "engines": {
        "node": ">=12"
      }
    },
    "lib/mayu/client/node_modules/typescript": {
      "version": "4.7.4",
      "dev": true,
      "license": "Apache-2.0",
      "bin": {
        "tsc": "bin/tsc",
        "tsserver": "bin/tsserver"
      },
      "engines": {
        "node": ">=4.2.0"
      }
    },
    "node_modules/@mayu-live/client": {
      "resolved": "lib/mayu/client",
      "link": true
    },
    "node_modules/@prettier/plugin-ruby": {
      "version": "3.1.2",
      "resolved": "https://registry.npmjs.org/@prettier/plugin-ruby/-/plugin-ruby-3.1.2.tgz",
      "integrity": "sha512-0riBsZYu9MEdWgiZPKpZTdCbvLOk01xTvOs1wJbO7Hw4Fd/rX4Qhz+qsgJm+zloO99Zng88OQy96nSb6KUQHZg==",
      "dev": true,
      "dependencies": {
        "prettier": ">=2.3.0"
      }
    },
    "node_modules/prettier": {
      "version": "2.7.1",
      "resolved": "https://registry.npmjs.org/prettier/-/prettier-2.7.1.tgz",
      "integrity": "sha512-ujppO+MkdPqoVINuDFDRLClm7D78qbDt0/NR+wp5FqEZOoTNAjPHWj17QRhu7geIHJfcNhRk1XVQmF8Bp3ye+g==",
      "dev": true,
      "bin": {
        "prettier": "bin-prettier.js"
      },
      "engines": {
        "node": ">=10.13.0"
      },
      "funding": {
        "url": "https://github.com/prettier/prettier?sponsor=1"
      }
    }
  },
  "dependencies": {
    "@mayu-live/client": {
      "version": "file:lib/mayu/client",
      "requires": {
        "@types/serviceworker": "^0.0.48",
        "esbuild": "^0.14.48",
        "prettier": "^2.7.1",
        "typescript": "^4.7.4"
      },
      "dependencies": {
        "@types/serviceworker": {
          "version": "0.0.48",
          "dev": true
        },
        "esbuild": {
          "version": "0.14.48",
          "dev": true,
          "requires": {
            "esbuild-android-64": "0.14.48",
            "esbuild-android-arm64": "0.14.48",
            "esbuild-darwin-64": "0.14.48",
            "esbuild-darwin-arm64": "0.14.48",
            "esbuild-freebsd-64": "0.14.48",
            "esbuild-freebsd-arm64": "0.14.48",
            "esbuild-linux-32": "0.14.48",
            "esbuild-linux-64": "0.14.48",
            "esbuild-linux-arm": "0.14.48",
            "esbuild-linux-arm64": "0.14.48",
            "esbuild-linux-mips64le": "0.14.48",
            "esbuild-linux-ppc64le": "0.14.48",
            "esbuild-linux-riscv64": "0.14.48",
            "esbuild-linux-s390x": "0.14.48",
            "esbuild-netbsd-64": "0.14.48",
            "esbuild-openbsd-64": "0.14.48",
            "esbuild-sunos-64": "0.14.48",
            "esbuild-windows-32": "0.14.48",
            "esbuild-windows-64": "0.14.48",
            "esbuild-windows-arm64": "0.14.48"
          }
        },
        "esbuild-darwin-64": {
          "version": "0.14.48",
          "dev": true,
          "optional": true
        },
        "typescript": {
          "version": "4.7.4",
          "dev": true
        }
      }
    },
    "@prettier/plugin-ruby": {
      "version": "3.1.2",
      "resolved": "https://registry.npmjs.org/@prettier/plugin-ruby/-/plugin-ruby-3.1.2.tgz",
      "integrity": "sha512-0riBsZYu9MEdWgiZPKpZTdCbvLOk01xTvOs1wJbO7Hw4Fd/rX4Qhz+qsgJm+zloO99Zng88OQy96nSb6KUQHZg==",
      "dev": true,
      "requires": {
        "prettier": ">=2.3.0"
      }
    },
    "prettier": {
      "version": "2.7.1",
      "resolved": "https://registry.npmjs.org/prettier/-/prettier-2.7.1.tgz",
      "integrity": "sha512-ujppO+MkdPqoVINuDFDRLClm7D78qbDt0/NR+wp5FqEZOoTNAjPHWj17QRhu7geIHJfcNhRk1XVQmF8Bp3ye+g==",
      "dev": true
    }
  }
}
